{
    "name": "@example/basic",
    "version": "1.0.0",
    "lockfileVersion": 3,
    "requires": true,
    "packages": {
        "": {
            "name": "@example/basic",
            "version": "1.0.0",
            "dependencies": {
                "frugal": "file:../../frugal",
                "jquery": "^3.7.1"
            },
            "devDependencies": {
                "@types/jquery": "^3.5.22"
            }
        },
        "../../frugal": {
            "version": "1.0.0",
            "license": "ISC",
            "dependencies": {
                "@node-rs/xxhash": "^1.4.2",
                "chalk": "^5.3.0",
                "chokidar": "^3.5.3",
                "common-path-prefix": "^3.0.0",
                "cookie": "^0.5.0",
                "es-module-lexer": "^1.3.1",
                "esbuild": "^0.19.4",
                "lightningcss": "^1.22.0",
                "mime-types": "^2.1.35",
                "path-to-regexp": "^6.2.1",
                "zod": "^3.22.2"
            },
            "devDependencies": {
                "@types/cookie": "^0.5.2",
                "@types/mime-types": "^2.1.2"
            }
        },
        "node_modules/@types/jquery": {
            "version": "3.5.22",
            "resolved": "https://registry.npmjs.org/@types/jquery/-/jquery-3.5.22.tgz",
            "integrity": "sha512-ISQFeUK5GwRftLK4PVvKTWEVCxZ2BpaqBz0TWkIq5w4vGojxZP9+XkqgcPjxoqmPeew+HLyWthCBvK7GdF5NYA==",
            "dev": true,
            "dependencies": {
                "@types/sizzle": "*"
            }
        },
        "node_modules/@types/sizzle": {
            "version": "2.3.4",
            "resolved": "https://registry.npmjs.org/@types/sizzle/-/sizzle-2.3.4.tgz",
            "integrity": "sha512-jA2llq2zNkg8HrALI7DtWzhALcVH0l7i89yhY3iBdOz6cBPeACoFq+fkQrjHA39t1hnSFOboZ7A/AY5MMZSlag==",
            "dev": true
        },
        "node_modules/frugal": {
            "resolved": "../../frugal",
            "link": true
        },
        "node_modules/jquery": {
            "version": "3.7.1",
            "resolved": "https://registry.npmjs.org/jquery/-/jquery-3.7.1.tgz",
            "integrity": "sha512-m4avr8yL8kmFN8psrbFFFmB/If14iN5o9nw/NgnnM+kybDJpRsAynV2BsfpTYrTRysYUdADVD7CkUUizgkpLfg=="
        }
    }
}
