{
  "version": "2",
  "remote": {
    "https://deno.land/std@0.140.0/encoding/base64.ts": "c8c16b4adaa60d7a8eee047c73ece26844435e8f7f1328d74593dbb2dd58ea4f",
    "https://deno.land/std@0.140.0/encoding/base64url.ts": "55f9d13df02efac10c6f96169daa3e702606a64e8aa27c0295f645f198c27130",
    "https://deno.land/std@0.150.0/_util/assert.ts": "e94f2eb37cebd7f199952e242c77654e43333c1ac4c5c700e929ea3aa5489f74",
    "https://deno.land/std@0.150.0/_util/os.ts": "3b4c6e27febd119d36a416d7a97bd3b0251b77c88942c8f16ee5953ea13e2e49",
    "https://deno.land/std@0.150.0/path/_constants.ts": "df1db3ffa6dd6d1252cc9617e5d72165cd2483df90e93833e13580687b6083c3",
    "https://deno.land/std@0.150.0/path/_interface.ts": "ee3b431a336b80cf445441109d089b70d87d5e248f4f90ff906820889ecf8d09",
    "https://deno.land/std@0.150.0/path/_util.ts": "c1e9686d0164e29f7d880b2158971d805b6e0efc3110d0b3e24e4b8af2190d2b",
    "https://deno.land/std@0.150.0/path/common.ts": "bee563630abd2d97f99d83c96c2fa0cca7cee103e8cb4e7699ec4d5db7bd2633",
    "https://deno.land/std@0.150.0/path/glob.ts": "cb5255638de1048973c3e69e420c77dc04f75755524cb3b2e160fe9277d939ee",
    "https://deno.land/std@0.150.0/path/mod.ts": "4945b430b759b0b3d98f2a278542cbcf95e0ad2bd8eaaed3c67322b306b2b346",
    "https://deno.land/std@0.150.0/path/posix.ts": "c1f7afe274290ea0b51da07ee205653b2964bd74909a82deb07b69a6cc383aaa",
    "https://deno.land/std@0.150.0/path/separator.ts": "fe1816cb765a8068afb3e8f13ad272351c85cbc739af56dacfc7d93d710fe0f9",
    "https://deno.land/std@0.150.0/path/win32.ts": "bd7549042e37879c68ff2f8576a25950abbfca1d696d41d82c7bca0b7e6f452c",
    "https://deno.land/std@0.159.0/_util/assert.ts": "e94f2eb37cebd7f199952e242c77654e43333c1ac4c5c700e929ea3aa5489f74",
    "https://deno.land/std@0.159.0/_util/os.ts": "8a33345f74990e627b9dfe2de9b040004b08ea5146c7c9e8fe9a29070d193934",
    "https://deno.land/std@0.159.0/async/abortable.ts": "87aa7230be8360c24ad437212311c9e8d4328854baec27b4c7abb26e85515c06",
    "https://deno.land/std@0.159.0/async/deadline.ts": "48ac998d7564969f3e6ec6b6f9bf0217ebd00239b1b2292feba61272d5dd58d0",
    "https://deno.land/std@0.159.0/async/debounce.ts": "de5433bff08a2bb61416fc53b3bd2d5867090c8a815465e5b4a10a77495b1051",
    "https://deno.land/std@0.159.0/async/deferred.ts": "c01de44b9192359cebd3fe93273fcebf9e95110bf3360023917da9a2d1489fae",
    "https://deno.land/std@0.159.0/async/delay.ts": "0419dfc993752849692d1f9647edf13407c7facc3509b099381be99ffbc9d699",
    "https://deno.land/std@0.159.0/async/mod.ts": "dd0a8ed4f3984ffabe2fcca7c9f466b7932d57b1864ffee148a5d5388316db6b",
    "https://deno.land/std@0.159.0/async/mux_async_iterator.ts": "3447b28a2a582224a3d4d3596bccbba6e85040da3b97ed64012f7decce98d093",
    "https://deno.land/std@0.159.0/async/pool.ts": "ef9eb97b388543acbf0ac32647121e4dbe629236899586c4d4311a8770fbb239",
    "https://deno.land/std@0.159.0/async/tee.ts": "d27680d911816fcb3d231e16d690e7588079e66a9b2e5ce8cc354db94fdce95f",
    "https://deno.land/std@0.159.0/bytes/bytes_list.ts": "aba5e2369e77d426b10af1de0dcc4531acecec27f9b9056f4f7bfbf8ac147ab4",
    "https://deno.land/std@0.159.0/bytes/equals.ts": "3c3558c3ae85526f84510aa2b48ab2ad7bdd899e2e0f5b7a8ffc85acb3a6043a",
    "https://deno.land/std@0.159.0/bytes/mod.ts": "763f97d33051cc3f28af1a688dfe2830841192a9fea0cbaa55f927b49d49d0bf",
    "https://deno.land/std@0.159.0/datetime/formatter.ts": "7c8e6d16a0950f400aef41b9f1eb9168249869776ec520265dfda785d746589e",
    "https://deno.land/std@0.159.0/datetime/mod.ts": "701f01f0a3c9d4a6e7802ad245ac6dbef1118bdb104ef7965107d6dd8a0ebaf9",
    "https://deno.land/std@0.159.0/datetime/tokenizer.ts": "7381e28f6ab51cb504c7e132be31773d73ef2f3e1e50a812736962b9df1e8c47",
    "https://deno.land/std@0.159.0/dotenv/mod.ts": "e95086c624dfebc78006f239dfc1da8644fb73d3c5557535ce2b2509e7a2975f",
    "https://deno.land/std@0.159.0/dotenv/util.ts": "6cc392f087577a26a27f0463f77cc0c31a390aa055917099935b36eb2454592d",
    "https://deno.land/std@0.159.0/encoding/hex.ts": "4cc5324417cbb4ac9b828453d35aed45b9cc29506fad658f1f138d981ae33795",
    "https://deno.land/std@0.159.0/flags/mod.ts": "5ecf064f28471b455be61a71b68172236151f3362c8b4a663d5aedee93179ded",
    "https://deno.land/std@0.159.0/fmt/colors.ts": "ff7dc9c9f33a72bd48bc24b21bbc1b4545d8494a431f17894dbc5fe92a938fc4",
    "https://deno.land/std@0.159.0/fs/_util.ts": "fdc156f897197f261a1c096dcf8ff9267ed0ff42bd5b31f55053a4763a4bae3b",
    "https://deno.land/std@0.159.0/fs/copy.ts": "73bdf24f4322648d9bc38ef983b818637ba368351d17aa03644209d3ce3eac31",
    "https://deno.land/std@0.159.0/fs/empty_dir.ts": "c15a0aaaf40f8c21cca902aa1e01a789ad0c2fd1b7e2eecf4957053c5dbf707f",
    "https://deno.land/std@0.159.0/fs/ensure_dir.ts": "76395fc1c989ca8d2de3aedfa8240eb8f5225cde20f926de957995b063135b80",
    "https://deno.land/std@0.159.0/fs/ensure_file.ts": "b8e32ea63aa21221d0219760ba3f741f682d7f7d68d0d24a3ec067c338568152",
    "https://deno.land/std@0.159.0/fs/ensure_link.ts": "5cc1c04f18487d7d1edf4c5469705f30b61390ffd24ad7db6df85e7209b32bb2",
    "https://deno.land/std@0.159.0/fs/ensure_symlink.ts": "5273557b8c50be69477aa9cb003b54ff2240a336db52a40851c97abce76b96ab",
    "https://deno.land/std@0.159.0/fs/eol.ts": "b92f0b88036de507e7e6fbedbe8f666835ea9dcbf5ac85917fa1fadc919f83a5",
    "https://deno.land/std@0.159.0/fs/exists.ts": "6a447912e49eb79cc640adacfbf4b0baf8e17ede6d5bed057062ce33c4fa0d68",
    "https://deno.land/std@0.159.0/fs/expand_glob.ts": "333a8b9b0726b6909e5af30fb99c68e5b0e734d37af8cbc2ad1f062f26ca4d50",
    "https://deno.land/std@0.159.0/fs/mod.ts": "354a6f972ef4e00c4dd1f1339a8828ef0764c1c23d3c0010af3fcc025d8655b0",
    "https://deno.land/std@0.159.0/fs/move.ts": "6d7fa9da60dbc7a32dd7fdbc2ff812b745861213c8e92ba96dace0669b0c378c",
    "https://deno.land/std@0.159.0/fs/walk.ts": "d6c73a2a2fb5fde60150ce27cff3fff420e72e5bb84131b4919c9a41d74712ce",
    "https://deno.land/std@0.159.0/http/_negotiation/common.ts": "410e902f01cdd324e4746e8017595be4fc357d6fc4cd6044f2f808a943d7eaf7",
    "https://deno.land/std@0.159.0/http/_negotiation/encoding.ts": "f749c1d539d139af783e8a7741de5a47a98a5e3c9af82b8af512567ccf5fe632",
    "https://deno.land/std@0.159.0/http/_negotiation/language.ts": "53c306186904d2dace4c624a8822542866ad332a7f40ac90e0af1504f95c63d0",
    "https://deno.land/std@0.159.0/http/_negotiation/media_type.ts": "ecdda87286495f7ff25116858f5088856953e2f1585e593d314e0c71b826a137",
    "https://deno.land/std@0.159.0/http/cookie.ts": "7a61e920f19c9c3ee8e07befe5fe5a530114d6babefd9ba2c50594cab724a822",
    "https://deno.land/std@0.159.0/http/cookie_map.ts": "6b623a8476340685a9aa11a2944c79d225d0380cd1bb9b94a2a07f90d47f3068",
    "https://deno.land/std@0.159.0/http/file_server.ts": "03a8410c8c5b4a485044d17c3e9b98844c4f5285a390d59455ba6146685a77f4",
    "https://deno.land/std@0.159.0/http/http_errors.ts": "fe9b7f95f7ee0592c3306f8c7aed03ba53d55d1ef81e00041c1171b9588f46d9",
    "https://deno.land/std@0.159.0/http/http_status.ts": "897575a7d6bc2b9123f6a38ecbc0f03d95a532c5d92029315dc9f508e12526b8",
    "https://deno.land/std@0.159.0/http/mod.ts": "329d40fe0113f24d878749d1b8e0afe037179906230dfb86247e7d140877d262",
    "https://deno.land/std@0.159.0/http/negotiation.ts": "f35b1ff2ad4ff9feaa00ac234960b398172768205c8eceaef7f2eafe34716ba2",
    "https://deno.land/std@0.159.0/http/server.ts": "e99c1bee8a3f6571ee4cdeb2966efad465b8f6fe62bec1bdb59c1f007cc4d155",
    "https://deno.land/std@0.159.0/http/util.ts": "6abb4120b732f28954c3df6fed8bee9e2026a93a327f6f116bf049b3958fd85f",
    "https://deno.land/std@0.159.0/io/buffer.ts": "fae02290f52301c4e0188670e730cd902f9307fb732d79c4aa14ebdc82497289",
    "https://deno.land/std@0.159.0/io/mod.ts": "6e781ebafd5cdccf9ab4afa1f499b08c513602d023cb08ceebc58758501f78bd",
    "https://deno.land/std@0.159.0/io/readers.ts": "45847ad404afd2f605eae1cff193f223462bc55eeb9ae313c2f3db28aada0fd6",
    "https://deno.land/std@0.159.0/io/types.d.ts": "0cae3a62da7a37043661746c65c021058bae020b54e50c0e774916e5d4baee43",
    "https://deno.land/std@0.159.0/io/util.ts": "23e706b4b6a3ebb34af00ad74d7549d906f3211fc98c1fba1185a36e017fb727",
    "https://deno.land/std@0.159.0/io/writers.ts": "2e1c63ffd0cfba411b1fd8374609abff9ea86187c9d4d885d42e6fc20325ef0e",
    "https://deno.land/std@0.159.0/log/handlers.ts": "62e9ec601c2058277b484c445621c13e070cfbd24eed8e161b9732d94edc7dca",
    "https://deno.land/std@0.159.0/log/levels.ts": "82c965b90f763b5313e7595d4ba78d5095a13646d18430ebaf547526131604d1",
    "https://deno.land/std@0.159.0/log/logger.ts": "b545159727b023825ee6814d9178fb2a7472f8d95d704c253b771b95c658cf8c",
    "https://deno.land/std@0.159.0/log/mod.ts": "62d56c28e8fbaa0f6c8b6df41cb31e47c51ae8a93e78559612ecb5a4f76d7424",
    "https://deno.land/std@0.159.0/media_types/_util.ts": "ce9b4fc4ba1c447dafab619055e20fd88236ca6bdd7834a21f98bd193c3fbfa1",
    "https://deno.land/std@0.159.0/media_types/mod.ts": "74885352135624774b8cd164f3a9d866aac1e0dc3ccb5412e2a2d56ed4b1fc99",
    "https://deno.land/std@0.159.0/media_types/vendor/mime-db.v1.52.0.ts": "724cee25fa40f1a52d3937d6b4fbbfdd7791ff55e1b7ac08d9319d5632c7f5af",
    "https://deno.land/std@0.159.0/path/_constants.ts": "df1db3ffa6dd6d1252cc9617e5d72165cd2483df90e93833e13580687b6083c3",
    "https://deno.land/std@0.159.0/path/_interface.ts": "ee3b431a336b80cf445441109d089b70d87d5e248f4f90ff906820889ecf8d09",
    "https://deno.land/std@0.159.0/path/_util.ts": "d16be2a16e1204b65f9d0dfc54a9bc472cafe5f4a190b3c8471ec2016ccd1677",
    "https://deno.land/std@0.159.0/path/common.ts": "bee563630abd2d97f99d83c96c2fa0cca7cee103e8cb4e7699ec4d5db7bd2633",
    "https://deno.land/std@0.159.0/path/glob.ts": "cb5255638de1048973c3e69e420c77dc04f75755524cb3b2e160fe9277d939ee",
    "https://deno.land/std@0.159.0/path/mod.ts": "56fec03ad0ebd61b6ab39ddb9b0ddb4c4a5c9f2f4f632e09dd37ec9ebfd722ac",
    "https://deno.land/std@0.159.0/path/posix.ts": "c1f7afe274290ea0b51da07ee205653b2964bd74909a82deb07b69a6cc383aaa",
    "https://deno.land/std@0.159.0/path/separator.ts": "fe1816cb765a8068afb3e8f13ad272351c85cbc739af56dacfc7d93d710fe0f9",
    "https://deno.land/std@0.159.0/path/win32.ts": "bd7549042e37879c68ff2f8576a25950abbfca1d696d41d82c7bca0b7e6f452c",
    "https://deno.land/std@0.159.0/streams/buffer.ts": "c9aef91ccb7d23555b1d942d39eeca2546879ddfa19de450e9765d9e7069dce1",
    "https://deno.land/std@0.159.0/streams/conversion.ts": "cc6ead659fd851f2461415e6a1b63844e36d8f467a31d600963d317c452cdeec",
    "https://deno.land/std@0.159.0/streams/delimiter.ts": "8ec4aa03d8c1e9898b7ca500945b318f54157b20dac443948fb76615118e0173",
    "https://deno.land/std@0.159.0/streams/merge.ts": "88ed3dfa030ae076802688e4cadd762a251a41d81ed1776dfd9a2a9a0e970195",
    "https://deno.land/std@0.159.0/streams/mod.ts": "f402791689d74bd091ecf8f4015bc5b7d5c18132a55c7c72fe0576d1fb254cf9",
    "https://deno.land/std@0.159.0/testing/_diff.ts": "a23e7fc2b4d8daa3e158fa06856bedf5334ce2a2831e8bf9e509717f455adb2c",
    "https://deno.land/std@0.159.0/testing/_format.ts": "cd11136e1797791045e639e9f0f4640d5b4166148796cad37e6ef75f7d7f3832",
    "https://deno.land/std@0.159.0/testing/asserts.ts": "9ff3259f6cdc2908af478f9340f4e470d23234324bd33e7f74c683a00ed4d211",
    "https://deno.land/x/denoflate@1.2.1/mod.ts": "f5628e44b80b3d80ed525afa2ba0f12408e3849db817d47a883b801f9ce69dd6",
    "https://deno.land/x/denoflate@1.2.1/pkg/denoflate.js": "b9f9ad9457d3f12f28b1fb35c555f57443427f74decb403113d67364e4f2caf4",
    "https://deno.land/x/denoflate@1.2.1/pkg/denoflate_bg.wasm.js": "d581956245407a2115a3d7e8d85a9641c032940a8e810acbd59ca86afd34d44d",
    "https://deno.land/x/djwt@v2.7/algorithm.ts": "ba9941961c46838f35a507414407e48aa9a4eca69c679b04fbbede55fe276a09",
    "https://deno.land/x/djwt@v2.7/deps.ts": "a5d7952aaf7fad421717c9a2db0b2e736b409632cb70f3f7f9e68f8e96e04f45",
    "https://deno.land/x/djwt@v2.7/mod.ts": "08cb2c745c9bc33883c2d027fc4af5c157f0a30564c3ba503a56fe0ab6959c8e",
    "https://deno.land/x/djwt@v2.7/signature.ts": "f79b4e521cd6a6dff28cd2779b1d9f2059f9e0822fb99c9f747ff34ae26532e4",
    "https://deno.land/x/esbuild@v0.14.51/mod.d.ts": "c142324d0383c39de0d7660cd207a7f7f52c7198a13d7d3281c0d636a070f441",
    "https://deno.land/x/esbuild@v0.14.51/mod.js": "7432566c71fac77637822dc230319c7392a2d2fef51204c9d12c956d7093c279",
    "https://deno.land/x/esbuild_deno_loader@0.5.2/deps.ts": "bf83c27b7787b2f245fa0bc0b99f5041aa949c000a81c016cfe828d06b476d37",
    "https://deno.land/x/esbuild_deno_loader@0.5.2/mod.ts": "bc111a68f323dbdb6edec68dd558ab732b27866d2ef304708872d763387b65d7",
    "https://deno.land/x/esbuild_deno_loader@0.5.2/src/deno.ts": "0e83ccabbe2b004389288e38df2031b79eb347df2d139fce9394d8e88a11f259",
    "https://deno.land/x/esbuild_deno_loader@0.5.2/src/native_loader.ts": "343854a566cf510cf25144f7c09fc0c1097780a31830305142a075d12bb697ba",
    "https://deno.land/x/esbuild_deno_loader@0.5.2/src/portable_loader.ts": "35b6c526eed8c2c781a3256b23c30aa7cce69c0ef1d583c15528663287ba18a3",
    "https://deno.land/x/esbuild_deno_loader@0.5.2/src/shared.ts": "b64749cd8c0f6252a11498bd8758ef1220003e46b2c9b68e16da63fd7e92b13a",
    "https://deno.land/x/importmap@0.2.1/_util.ts": "ada9a9618b537e6c0316c048a898352396c882b9f2de38aba18fd3f2950ede89",
    "https://deno.land/x/importmap@0.2.1/mod.ts": "ae3d1cd7eabd18c01a4960d57db471126b020f23b37ef14e1359bbb949227ade",
    "https://deno.land/x/murmurhash@v1.0.0/mod.ts": "13fd2c5534dfd22ffbfcd4255ea13e47a2f2b99e9c90a83dc43e814a0e278829",
    "https://deno.land/x/zod@v3.19.1/ZodError.ts": "bd013373ed0cb47621d18df2abb8709a231166806821d76a84d31cad7068379e",
    "https://deno.land/x/zod@v3.19.1/errors.ts": "5285922d2be9700cc0c70c95e4858952b07ae193aa0224be3cbd5cd5567eabef",
    "https://deno.land/x/zod@v3.19.1/external.ts": "584f70718e55ae2660d18a552f9c3a5d022f8153aa43e6537f2c2738d6808d42",
    "https://deno.land/x/zod@v3.19.1/helpers/enumUtil.ts": "54efc393cc9860e687d8b81ff52e980def00fa67377ad0bf8b3104f8a5bf698c",
    "https://deno.land/x/zod@v3.19.1/helpers/errorUtil.ts": "7a77328240be7b847af6de9189963bd9f79cab32bbc61502a9db4fe6683e2ea7",
    "https://deno.land/x/zod@v3.19.1/helpers/parseUtil.ts": "920a5623929a4be9110412f82d16ccda537a58e153c942a6d6b8a38329f293a1",
    "https://deno.land/x/zod@v3.19.1/helpers/partialUtil.ts": "8dc921a02b47384cf52217c7e539268daf619f89319b75bdf13ea178815725df",
    "https://deno.land/x/zod@v3.19.1/helpers/typeAliases.ts": "a1a8d039eb98925f242f5ea1e21e6d3cabd7f05e9747680165c914695c979b4f",
    "https://deno.land/x/zod@v3.19.1/helpers/util.ts": "27765b9fbf843da59fcc16dccd6478976051b483769ec8e8376ac051bbac4a02",
    "https://deno.land/x/zod@v3.19.1/index.ts": "035a7422d9f2be54daa0fe464254b69225b443000673e4794095d672471e8792",
    "https://deno.land/x/zod@v3.19.1/locales/en.ts": "152ea350b7df6ce14f2806fc8c0972f56c9b2de6a3dd1129795287f50dee4374",
    "https://deno.land/x/zod@v3.19.1/mod.ts": "64e55237cb4410e17d968cd08975566059f27638ebb0b86048031b987ba251c4",
    "https://deno.land/x/zod@v3.19.1/types.ts": "ab062fe1640d2172f49ca593fb325a22f8927145201f29b02b62353c79db2501",
    "https://esm.sh/@preact/signals@1.1.2": "bef9923ccb94052d6ea1ba4ade013d005c7666ea9de2c21b276f397a18d4551e",
    "https://esm.sh/@swc/core@1.3.9/types.d.ts": "d11fad3470e5859d0bbda323fda5d52101bdfb5881ffa44e5bb68ed30019d347",
    "https://esm.sh/@swc/wasm-web@1.3.9": "bc49f09b92049d40a57d4253b0ba40d9e3a5c7fe1ca9dabad052acd0fd672bd0",
    "https://esm.sh/he@1.2.0": "ccc2dfb529aab0d8953ada0f05cea9c340de17bc02b6f822ee31d097dd1befc6",
    "https://esm.sh/marked@4.1.1": "b061daafdf2779ea950bc042a56b782fe22340615d432b2f5fdab619cf96e60a",
    "https://esm.sh/path-to-regexp@6.2.1": "eb49e8f50b7e50e913fa5b27ab7e187f4e6f325dc335adc101b877df3b3ce00f",
    "https://esm.sh/preact-render-to-string@5.2.5?deps=preact@10.11.2": "fd848a9728f86332f486673fdf6e40b9e8e03df3095493dd9e7b528baffd5c59",
    "https://esm.sh/preact@10.11.2": "a7484db8d718104c029053f08954ed862f15b2a1440867a4eb63a3a78e7749c7",
    "https://esm.sh/preact@10.11.2/hooks": "dc759275a04afc43f2341d80a49c1b72b724f4a08ef7ce6080b6dcfcd788bd31",
    "https://esm.sh/preact@10.11.2/jsx-runtime": "40654c7e9066221bab024d036ab828d9e9eb7ae0f386ace02d86c0cc8bb22ce0",
    "https://esm.sh/prismjs@1.29.0": "6b92ce0e50f443ee461852c1e2904e99c38490215e4e94218070609132aa67e6",
    "https://esm.sh/prismjs@1.29.0/components/prism-json.js?no-check": "29d5985a53702bd8eae706203e16888c2ba40a070da4975cf8d03d31d8cffbc4",
    "https://esm.sh/prismjs@1.29.0/components/prism-jsx.js?no-check": "5061733a9b9115361315201bb9539c8ac4e40c77508f640ceaf7f46c9e453199",
    "https://esm.sh/prismjs@1.29.0/components/prism-tsx.js?no-check": "2d4b234d71279c19abdb66acca77ae3ed58b2738dc012fe60ba711b2c5fae8cb",
    "https://esm.sh/prismjs@1.29.0/components/prism-typescript.js?no-check": "c8b0624ff3addcb5da6ca32cefefdc94f4e47b4ba62b68a90ddef318715ede48",
    "https://esm.sh/stable/preact@10.11.2/deno/hooks.js": "087a25c11461775d85401c1329ff8ec0e209e2b2892f31683eb66fd74030af9e",
    "https://esm.sh/stable/preact@10.11.2/deno/jsx-runtime.js": "e04822710db4725f5ed01cf21f8ef713fbf10f6bc472415b8fec3801bba3133e",
    "https://esm.sh/stable/preact@10.11.2/deno/preact.js": "10e7be6ea2698598105f404198789d8a34fd6a1ca020482f94eaaaca736badf5",
    "https://esm.sh/stylis@4.1.1": "46d491cde7b0a67bce51bca1dfd2e5b309db1ef5e371f8373ad404a186cb75ab",
    "https://esm.sh/v96/preact@10.11.2/jsx-runtime/src/index.d.ts": "e153460ed2b3fe2ad8b93696ecd48fbf73cd628b0b0ea6692b71804a3af69dfd",
    "https://esm.sh/v96/preact@10.11.2/src/index.d.ts": "76842a9d103548261ee001f2aee5fa5cacc8b1b4b4032af537ed84603c8f4a31",
    "https://esm.sh/v96/preact@10.11.2/src/jsx.d.ts": "77ce5bd7324455c9f6dc85bfc3c94b733acb92cc98fdf82e4b1059c8bca7866d",
    "https://esm.sh/v97/preact@10.11.2/hooks/src/index.d.ts": "5c29febb624fc25d71cb0e125848c9b711e233337a08f7eacfade38fd4c14cc3",
    "https://esm.sh/v97/preact@10.11.2/src/index.d.ts": "76842a9d103548261ee001f2aee5fa5cacc8b1b4b4032af537ed84603c8f4a31",
    "https://esm.sh/v97/preact@10.11.2/src/jsx.d.ts": "77ce5bd7324455c9f6dc85bfc3c94b733acb92cc98fdf82e4b1059c8bca7866d",
    "https://esm.sh/v98/@preact/signals-core@1.2.2/deno/signals-core.js": "c59e0b57e1fa8719c12cf1f0919ca26f5b524505f39942c36a1b44467bc28916",
    "https://esm.sh/v98/@preact/signals-core@1.2.2/dist/signals-core.d.ts": "e39c59670049b772b2c7748907af01f4fb5d5706b88fa8266d9135925ca5baf7",
    "https://esm.sh/v98/@preact/signals@1.1.2/deno/signals.js": "80ec090d78a16a45359445134a28812c17bae80cfe885821ffde48bf41bb9943",
    "https://esm.sh/v98/@preact/signals@1.1.2/dist/signals.d.ts": "6f9d9ef9e628e2168cf500db2c4180c2c1b505a4b37a01c3e28e116c6e47700f",
    "https://esm.sh/v98/@swc/wasm-web@1.3.9/deno/wasm-web.js": "3d7f29474794ce9f99805e0a5f7e7f71753523e4933fcb26189ba437b8fb233c",
    "https://esm.sh/v98/@swc/wasm-web@1.3.9/wasm-web.d.ts": "8e315490660736b400efa6e7d68850a2b354349cf1fd7660b6c5000cb696cf55",
    "https://esm.sh/v98/@types/he@1.1.2/index.d.ts": "61a047439420bbbd844fc7d8413d44b5b14502d06593f560cfa2196aead46933",
    "https://esm.sh/v98/@types/marked@4.0.7/index.d.ts": "c51eb515e127bb15087a6ad404c9c38121f1ccac85ea247baa554c43942ee07c",
    "https://esm.sh/v98/@types/prismjs@1.26.0/index.d.ts": "6484309596f594ae824513336bd2a2e04a1902b06bb149fa904f5cae5fbe5c50",
    "https://esm.sh/v98/@types/stylis@4.0.2/index.d.ts": "df1cfd1b3a49ccd3b1d674fe738cc5fb9b185bbbc11919639a771791bc7f1b70",
    "https://esm.sh/v98/he@1.2.0/deno/he.js": "67e5d16a24264bdbe990eaa6dacb635ef508baae7f2bf9cfb9c7f3b7f5c6f8f7",
    "https://esm.sh/v98/marked@4.1.1/deno/marked.js": "50af7c4ac230891d6387c2b1ae90a08b94d98d3f4d4b363dc8a0f9ce11226472",
    "https://esm.sh/v98/path-to-regexp@6.2.1/deno/path-to-regexp.js": "2591e6ebf25ef48f42f7fa7f54baec84ea47dd5542e36d2cc3e4e90e765b4bb8",
    "https://esm.sh/v98/path-to-regexp@6.2.1/dist/index.d.ts": "6e7936b20cd2022c2a71f9d780e7f87216c19fde5c18448aaff60059a46ae2e7",
    "https://esm.sh/v98/preact-render-to-string@5.2.5/X-ZC9wcmVhY3RAMTAuMTEuMg/deno/preact-render-to-string.js": "4c6d4f0a19f6757df774d8f864771270d7f0d1cc4e2e6b43f185d121e5102662",
    "https://esm.sh/v98/preact-render-to-string@5.2.5/X-ZC9wcmVhY3RAMTAuMTEuMg/src/index.d.ts": "207fabb65c9b47c4afd60520c36eb5a7564a4ce4f9c23a45f44b571ad199f2fc",
    "https://esm.sh/v98/preact@10.11.2/src/index.d.ts": "76842a9d103548261ee001f2aee5fa5cacc8b1b4b4032af537ed84603c8f4a31",
    "https://esm.sh/v98/preact@10.11.2/src/jsx.d.ts": "77ce5bd7324455c9f6dc85bfc3c94b733acb92cc98fdf82e4b1059c8bca7866d",
    "https://esm.sh/v98/prismjs@1.29.0/deno/components/prism-json.js": "310f0b97f8c39db60eb3dc15f290e73a9f3d975b81d0efb1a0b529862a5fdc58",
    "https://esm.sh/v98/prismjs@1.29.0/deno/components/prism-jsx.js": "7bbc395e327880367bbfdbad31ee2e823d0230fa5fd4b30ec69a5de17d584651",
    "https://esm.sh/v98/prismjs@1.29.0/deno/components/prism-tsx.js": "36688b28f5d8db2200d8aeeba4eaa3c578a4f36aa351d509d40a1264aa102a06",
    "https://esm.sh/v98/prismjs@1.29.0/deno/components/prism-typescript.js": "ad6a6f4a5250db6789724accd425ae25e2f4dcf18538147f839fa4e0849d1c4e",
    "https://esm.sh/v98/prismjs@1.29.0/deno/prismjs.js": "75cecccfce771193bd395d42236eb50dc4377dcf98e8fec0a082b1b68f428f41",
    "https://esm.sh/v98/stylis@4.1.1/deno/stylis.js": "3c43a8970364ee680a421076dad5884eb236493c6fd8dd253578bca378183d7e"
  }
}
