# THIS IS AN AUTOGENERATED FILE. DO NOT EDIT THIS FILE DIRECTLY.
# yarn lockfile v1


svelte@^3.57.0:
  version "3.57.0"
  resolved "https://registry.yarnpkg.com/svelte/-/svelte-3.57.0.tgz#a3969cfe51f25f2a55e75f7b98dbd02c3af0980b"
  integrity sha512-WMXEvF+RtAaclw0t3bPDTUe19pplMlfyKDsixbHQYgCWi9+O9VN0kXU1OppzrB9gPAvz4NALuoca2LfW2bOjTQ==
