{
  "version": "2",
  "remote": {
    "http://localhost:8002/cli.ts": "e6e5bdc896a4632bdc61bc91db857a3def716733fe0cdacad5c1ddc7ad81d1d5",
    "http://localhost:8002/dep/cheerio.ts": "40116f641e1a13e8f32ab9e66555b09d1b028341dd176e696a86cd2d4f2cf41d",
    "http://localhost:8002/dep/deno_graph.ts": "3015fc052a4880e3737c2758fb38700662d909d871cdd31c0ce7bdaf487a3b4b",
    "http://localhost:8002/dep/djwt.ts": "c83a4608ee3eae8c97da19549c3ea54cf0624a2aac8f570e7c55eea0d49f0280",
    "http://localhost:8002/dep/esbuild.ts": "a60930c8a0fbd5960c01f0fbe878f7ccd9e343c2644357d509becf3f7a34311d",
    "http://localhost:8002/dep/importmap.ts": "20e66f26cfbc6350c737ad2ff0f8d7fa2492cf52d64d550ce40d130158d87fdb",
    "http://localhost:8002/dep/lightningcss.ts": "a53e9e4065f0a727cfb1093132ad4a6476cfbfc84ef2e235416030f0d616114d",
    "http://localhost:8002/dep/path-to-regexp.ts": "99f8e7d10c89b1bf2863ddaa3fd8cdc3ade34664f799a869df947a327a5cd2d1",
    "http://localhost:8002/dep/std/dotenv.ts": "ce0659de52b4ce7d3f6b754b00a4c9798d999bbc4f32f7361cf95869306c9397",
    "http://localhost:8002/dep/std/flags.ts": "175c23b6817a9a97b79f235612f52fa264cfb114e5062d65fcf60b87e0a16aeb",
    "http://localhost:8002/dep/std/fmt/bytes.ts": "3ff9a40772c680ab77ec96bec245a80db73a8bbd76f3269d91358948ebae8e28",
    "http://localhost:8002/dep/std/fmt/colors.ts": "e463c461f255612d93741207d5675b49bf70616eefa462c5e310eb3aae3d0b4d",
    "http://localhost:8002/dep/std/fs.ts": "6112f9d213a5638818720eca89750f65622902f3e096673f77ecfa64eb1df9b8",
    "http://localhost:8002/dep/std/http.ts": "2cfa3388f0c52ec832afcfd7ce73370656fea0046877a3bfe6f91421fc76ef2e",
    "http://localhost:8002/dep/std/http/file_server.ts": "181fa9b04484bb57a21dd7d149ed7a5d9770d693b7c66c3c96a27fd2e7f6fa05",
    "http://localhost:8002/dep/std/http/http_status.ts": "d82c1be7831ce287ec77307ad11c958fc2d8db670183e9708efb6130896d5483",
    "http://localhost:8002/dep/std/path.ts": "b586bb184c713186265b642736b2e235dc86cb54329d2ca553dd825000e69f3c",
    "http://localhost:8002/dep/std/streams.ts": "2e900f75143a46d04d98e608d4c5882980a5f0a549fef908299276d4b744b3fa",
    "http://localhost:8002/dep/xxhash.ts": "7034468f10a6da0911f9761d106c0d3ade19545eb04d96b92832c7034faed24a",
    "http://localhost:8002/dep/zod.ts": "690126a0a277d592f516d2a1332e343d00f7376b693895381d42afae8a2091e1",
    "http://localhost:8002/mod.ts": "ab487785cae1abb8e1556006ab422d32420f9bf30c121fafec7cd4d780e0ae39",
    "http://localhost:8002/persistence.ts": "07dd22e190ba0afa177b4e4f230ce1d542a5724d737095c5c1c34f175da99588",
    "http://localhost:8002/plugins/cssModule.ts": "a15efca9ca698503265eaa4a2dbc8ba1154756a66ff2649d5ec5db292390db0a",
    "http://localhost:8002/plugins/script.ts": "7a092a8905f336b1dad413315c0b488e60f48337ddbad4eb24de309f06f86b54",
    "http://localhost:8002/plugins/style.ts": "2c7e1f4bc565c8cc26fe9334996b0b208a7462fa1642554ad356d6bce509b737",
    "http://localhost:8002/plugins/svg.ts": "133d198a94435ad6065af26f1d10c79711cbfd2be6aeca4481385731649e8cee",
    "http://localhost:8002/src/Config.ts": "5e0461a096aa324f6d0af76260925b380e76b4d387915194f76dd5dd0b43c1ac",
    "http://localhost:8002/src/Frugal.ts": "f9d91b163606d3ac8f391c7310bbdafe08a44d1637cd5930db68ca9493cb5945",
    "http://localhost:8002/src/FrugalError.ts": "09f388f5518f5ca171f970155b5847591e1ec2c32095e4aef28ed38d6fa0683f",
    "http://localhost:8002/src/Plugin.ts": "b0bafe37fcbbb05558222d0a027f8a8172e863328c1fecbe74432afc84016323",
    "http://localhost:8002/src/build/Budget.ts": "1e355cd1435c6c8e665dc608b82d2e4dcc5b8be20fb75d00afbc517e7fa68b1e",
    "http://localhost:8002/src/build/EsbuildLoader.ts": "ec61e9051d4aeca52a311b44d1b6aad753558b3af95257300f1627bcd3f753aa",
    "http://localhost:8002/src/build/esbuild_plugin/cleanOutdir.ts": "a9e8e8a1e80234b5ec9aef6bac6c40be44730f2cc78f34886a25ff00e2cd3b4b",
    "http://localhost:8002/src/build/esbuild_plugin/denoResolve.ts": "ec02dde75637146e60f8fc2636a63e5a8b113fabf7b99ceeaec22d19c778af5c",
    "http://localhost:8002/src/build/esbuild_plugin/frugal/AssetBuilder.ts": "a422c71ee25092a47b539ddefafc446f5ba78ba1b391b43ac3d9e1b3d45deaa7",
    "http://localhost:8002/src/build/esbuild_plugin/frugal/ContentBuilder.ts": "55c192f88e18fc6b93c351799762872cce7b4285fd4ad6a286d8c0c7ee66a798",
    "http://localhost:8002/src/build/esbuild_plugin/frugal/mod.ts": "d3444836a8624fb14d6176b8d03524164d1fce7ee66f457d84fa088f199d609b",
    "http://localhost:8002/src/build/esbuild_plugin/getPlugins.ts": "ccc7609bfadc523607e7b2ba3c53962939a383ce1520b877214ecee5ce892bc9",
    "http://localhost:8002/src/build/esbuild_plugin/outputMetafile.ts": "add3741e4520afda1a1069229a5698cee0153a1e013d18013a6c7e9d57a71ae9",
    "http://localhost:8002/src/build/esbuild_plugin/reporter.ts": "ca916c3d2b13ab91f7b7b2a23f6979d6a855b8e8922bc780930ad0e1834048ca",
    "http://localhost:8002/src/build/esbuild_plugin/watchEmitter.ts": "09c09b7af10e26e1f80929f115ffff39b62be2dea2a6e5b143d76654e4b1aaf6",
    "http://localhost:8002/src/build/plugins/cssModule/mod.ts": "e20fda5d9d0b2c97f4cb250727d806b3df6267470eb3651e3c695fcc99e6369b",
    "http://localhost:8002/src/build/plugins/script.ts": "7c674906b2a1b7fd46468f6a5055278b324b7aa60be05a8bccbb9af6ecac6166",
    "http://localhost:8002/src/build/plugins/style.ts": "50ccd7b4120c191785d6b0e446d181c0bb1635fe959a0bdb5f8e5f304eb47914",
    "http://localhost:8002/src/build/plugins/svg.ts": "1dfb8c03d5d0260f56b239cf1424dac34c2a0ccffd3b4aae397d88faab44ca60",
    "http://localhost:8002/src/build/plugins/utils.ts": "3fa0b483990b65c6620b638b257a492c425aa1b20d4e895c6311d39d694c3a22",
    "http://localhost:8002/src/cli.ts": "f1228a74a6a1312473052660c430656d00aafcca25a92effa522551888830978",
    "http://localhost:8002/src/livereload/LiveReloadServer.ts": "a1c509d7fb521ad146dc5144dcd1c551d59efeeb7163ef7b7bb6c3efa587e70d",
    "http://localhost:8002/src/log.ts": "ac87b06e1298332bee375c9cddcfd0ecac4bc1e7f2870bbed18bf30dd20b6e88",
    "http://localhost:8002/src/page/FrugalResponse.ts": "291c1abbc60b58b76942868250fa4bb3be62becc5bbeca4fed465cc8d08af68a",
    "http://localhost:8002/src/page/Page.ts": "88c7a8d3a4213d7b78ed77a9ff4fb8ac0d7f55b6b35a3197f9c10d76ed2ac2d5",
    "http://localhost:8002/src/page/PageBuilder.ts": "74c2224a7fa861b1ea25e9eac9afa3333aa71207c4eaf3d16d1318f1caaf541e",
    "http://localhost:8002/src/page/PageDescriptor.ts": "fe73496785fe4867ebd40cceb39280459fa194cacbd81a2b8d7f22c609141532",
    "http://localhost:8002/src/page/PageGenerator.ts": "1ccb568b1054d0b75d33927d2e15ab228f908093c180715746a2a4a916ef0778",
    "http://localhost:8002/src/page/PageRefresher.ts": "ed6f05845f5d4144429b221ccd30541fe8e31025f8c8f09ccaf0ffd4eb668990",
    "http://localhost:8002/src/page/PathObject.ts": "a0c2f848fb662c1e0b84dd7fe5d8481c3e0418777922d42f6a3d1e83833e623c",
    "http://localhost:8002/src/page/ResponseCache.ts": "6e65111f9ae3df84e8ee3e1696f8ebf37df997e4e25eae67edd719c10e354076",
    "http://localhost:8002/src/page/Router.ts": "0cda7a2c7023f1f8ea83cbf407a6a9b5cfa36e1f36a9036972bbadd1e1e7861e",
    "http://localhost:8002/src/persistence/BuildCache.ts": "83add8bcb3640b3dcfb4be5afaa34b8c4f111ddc4a8d85ba02254ea7bf302730",
    "http://localhost:8002/src/persistence/Cache.ts": "bf561804d6ed7e19ce2a1cd3e8b74c49110611b57e1d44aae5cd47a632c89faa",
    "http://localhost:8002/src/persistence/FilesystemPersistence.ts": "e9d8b2426e7b85b9bce06b55d0cbd94f19544371ecf6a3b1a24427c96921363d",
    "http://localhost:8002/src/persistence/Persistence.ts": "f9e16411f8db34c5ad2afb0ca66e62f30d40d8d3e53c29f590f9ab413f745ceb",
    "http://localhost:8002/src/persistence/RuntimeCache.ts": "1a851b674a42bd4fdeb4db48415a2450bac9a2ef8feb07cb0b85292a6fd5d647",
    "http://localhost:8002/src/persistence/UpstashPersistence.ts": "a77d6908d9d9a313a1166e191215e7894c5e69ee0c05e72fdceacd0589cce505",
    "http://localhost:8002/src/resolve/Loader.ts": "ee4a04b423ed57a00f57101a4c949843cb5e2875944e19f0be3be10096e4f0d5",
    "http://localhost:8002/src/resolve/NativeLoader.ts": "5faf9a5a6eac56bd9e92a0f1759d43ad5c9cb0844f242480e8297c2f08899d8d",
    "http://localhost:8002/src/resolve/PortableLoader.ts": "c8488a685701d3da30776a981b673f54d61aabd14813771c3a6b1be5df7010aa",
    "http://localhost:8002/src/resolve/deno.ts": "929d0eb34427efed1047f29c2946409ab757082366e8b451b48ca4e3f2666432",
    "http://localhost:8002/src/resolve/shared.ts": "b18299d6e8f09409d09f61c152d023e42c1b8b296c5d7a56b86ccd6ed5d0390c",
    "http://localhost:8002/src/server/Config.ts": "1e75ae7a58fe570b3a691c16f4ecc60e5f1f4e5a89950a824c70c5a26195d753",
    "http://localhost:8002/src/server/Context.ts": "10716c81002777273a3a89cea5636ab3f69fa3660f373408a5658589bf9dd76f",
    "http://localhost:8002/src/server/FrugalServer.ts": "262ed99fcece9920c15b50ae31d8adf1ce1c2ec5b4c118abbc4a2a9e90b879af",
    "http://localhost:8002/src/server/Server.ts": "8f85594d9191add629ef9b8416a901610b271ed65c7f57bd2b4bf513525c07b4",
    "http://localhost:8002/src/server/Session.ts": "96e8a7da10bfb08f490f23f2a7a6b992a0dba60f40bee80c2dfd8dcf0fcf7710",
    "http://localhost:8002/src/server/StaticFileServer.ts": "3aa8a44bda951513306d82efc40a23fec78cc2c477ed8326e14a955ee586b68c",
    "http://localhost:8002/src/server/composeMiddleware.ts": "edd645b2d0f52b6b2d3d49f9e906b53fd7ff2c55a3732b433b2efcd6ca2508db",
    "http://localhost:8002/src/server/crypto.ts": "74d32917eef916bf46774aff4116720b5166873c4e494dff846df37ef2298bfb",
    "http://localhost:8002/src/server/etag.ts": "9e9e03d2773a5ef41da385ea18e9c30643ab144cdbd52aa0255ababd8f63c236",
    "http://localhost:8002/src/server/middlewares/RouteContext.ts": "dd9b1f4f47cd8b009795359bf2d1e0857a1934f6f84c0558f058a44c205cd10f",
    "http://localhost:8002/src/server/middlewares/csrf/CsrfToken.ts": "4772a50ea596dfc6bb45568565c795a72f48aa5643b0f85a0d1be17bf98542ab",
    "http://localhost:8002/src/server/middlewares/csrf/CsrfValidator.ts": "8c8c2fc2b754389558d242a4c7618eb51cd1c19e6c579175df323a3fc651ff34",
    "http://localhost:8002/src/server/middlewares/csrf/mod.ts": "d0b9dbedfcf5d21e9844e7b8840d3da0536dc8826cfe362d278fba915f030197",
    "http://localhost:8002/src/server/middlewares/csrf/xor.ts": "a19e2069cc471d05492a9806bfe78a6ea59142f01d5a5a0b218d3b50e96cf25b",
    "http://localhost:8002/src/server/middlewares/dynamicPage/generate.ts": "176d26dbbc29160f0389516bc295ac2d913c5569bbdb9df94472909b5fcf0954",
    "http://localhost:8002/src/server/middlewares/dynamicPage/mod.ts": "49a7ffc666e2719376c178e2c48990cc982fb22978a263e280790653b20c5180",
    "http://localhost:8002/src/server/middlewares/etag.ts": "82206836cb94ab5bc8f18bf0ae9a7a49e77bd91bfbe8572c4231e7fce4b45819",
    "http://localhost:8002/src/server/middlewares/prg/const.ts": "7e883e80d577b04d4910295cc42d539a8136848a011422df5ba0318a01aaf2fb",
    "http://localhost:8002/src/server/middlewares/prg/get.ts": "23b789f5282564d72a003ec7829c5637b0d0bb4870ae438068c0e4a7390e58a6",
    "http://localhost:8002/src/server/middlewares/prg/mod.ts": "ca97fd9edd714de7cbee7b670b88c55ec1d8f49b956684c43ae1b18145d1f619",
    "http://localhost:8002/src/server/middlewares/prg/postRedirect.ts": "857becaca02a4511c28a9345b017dd980099dd8706e8e84842b56e8f07b9bf27",
    "http://localhost:8002/src/server/middlewares/router.ts": "6981eb5eb9b61527620ae9f1dd6b0eee8dad739c3caf7973bfc4d031299328d1",
    "http://localhost:8002/src/server/middlewares/staticPage/cache.ts": "83bbacfc56220f5e016ca352041bffabde1d82bedb89a06f7807f6f44c6322a4",
    "http://localhost:8002/src/server/middlewares/staticPage/forceRefresh.ts": "72bb51c39f4753b30e00003bd35f05c2c54cd249281333e0c01df0b73833f20b",
    "http://localhost:8002/src/server/middlewares/staticPage/mod.ts": "5aac20c4078a273056800a3e0278f2a2aac8ba4c9a39c44f56bfe249844d817b",
    "http://localhost:8002/src/server/middlewares/staticPage/refreshJit.ts": "aa74ed6f99918f8c560ae656d38296f9e1e7be22c9f329f10fe529e2d303a977",
    "http://localhost:8002/src/server/mod.ts": "5775f3946be3d8e1ab636bbcedc020d3821e7d8dfd0d47795b1752eb74550b6d",
    "http://localhost:8002/src/server/serverLog.ts": "83ab3e490e1351d18228554d70437731f2bd4498e6bbd78202f5e072fc236df1",
    "http://localhost:8002/src/server/types.ts": "44bc44db377f4a2e9c996eda7a86a746ee99de9acc40fb027e78e5269b5752ff",
    "http://localhost:8002/src/watch/Context.ts": "07593fc065f6127c36d11313431160e5aec46d7c6ed16f41fcbccf1984030c4f",
    "http://localhost:8002/src/watch/FrugalContext.ts": "0304921cb543584fb6ee3d8f4143ef9bf5505e5237ef0231dded6ef8c8d68578",
    "http://localhost:8002/src/watch/WatchContext.ts": "4389c879cc36d12ff55b343e00a0e5096ab8a351339842a74e838240315ebc0a",
    "http://localhost:8002/src/watch/WatchProcess.ts": "cb2aba0c86bac23d6599934fd73815520c98b698778f50322bba6d6ca1be8b06",
    "https://deno.land/std@0.161.0/encoding/base64.ts": "c57868ca7fa2fbe919f57f88a623ad34e3d970d675bdc1ff3a9d02bba7409db2",
    "https://deno.land/std@0.161.0/encoding/base64url.ts": "a5f82a9fa703bd85a5eb8e7c1296bc6529e601ebd9642cc2b5eaa6b38fa9e05a",
    "https://deno.land/std@0.167.0/_util/asserts.ts": "d0844e9b62510f89ce1f9878b046f6a57bf88f208a10304aab50efcb48365272",
    "https://deno.land/std@0.167.0/_util/os.ts": "8a33345f74990e627b9dfe2de9b040004b08ea5146c7c9e8fe9a29070d193934",
    "https://deno.land/std@0.167.0/async/abortable.ts": "80b2ac399f142cc528f95a037a7d0e653296352d95c681e284533765961de409",
    "https://deno.land/std@0.167.0/async/deadline.ts": "2c2deb53c7c28ca1dda7a3ad81e70508b1ebc25db52559de6b8636c9278fd41f",
    "https://deno.land/std@0.167.0/async/debounce.ts": "60301ffb37e730cd2d6f9dadfd0ecb2a38857681bd7aaf6b0a106b06e5210a98",
    "https://deno.land/std@0.167.0/async/deferred.ts": "77d3f84255c3627f1cc88699d8472b664d7635990d5358c4351623e098e917d6",
    "https://deno.land/std@0.167.0/async/delay.ts": "5a9bfba8de38840308a7a33786a0155a7f6c1f7a859558ddcec5fe06e16daf57",
    "https://deno.land/std@0.167.0/async/mod.ts": "7809ad4bb223e40f5fdc043e5c7ca04e0e25eed35c32c3c32e28697c553fa6d9",
    "https://deno.land/std@0.167.0/async/mux_async_iterator.ts": "770a0ff26c59f8bbbda6b703a2235f04e379f73238e8d66a087edc68c2a2c35f",
    "https://deno.land/std@0.167.0/async/pool.ts": "6854d8cd675a74c73391c82005cbbe4cc58183bddcd1fbbd7c2bcda42b61cf69",
    "https://deno.land/std@0.167.0/async/retry.ts": "e8e5173623915bbc0ddc537698fa418cf875456c347eda1ed453528645b42e67",
    "https://deno.land/std@0.167.0/async/tee.ts": "3a47cc4e9a940904fd4341f0224907e199121c80b831faa5ec2b054c6d2eff5e",
    "https://deno.land/std@0.167.0/collections/_utils.ts": "fd759867be7a0047a1fa89ec89f7b58ebe3f2f7f089a8f4e416eb30c5d764868",
    "https://deno.land/std@0.167.0/collections/deep_merge.ts": "0303cca7697646c5464ecb3337d494602056babae4f09baf6619f1043ba7eb6d",
    "https://deno.land/std@0.167.0/crypto/_fnv/fnv32.ts": "aa9bddead8c6345087d3abd4ef35fb9655622afc333fc41fff382b36e64280b5",
    "https://deno.land/std@0.167.0/crypto/_fnv/fnv64.ts": "625d7e7505b6cb2e9801b5fd6ed0a89256bac12b2bbb3e4664b85a88b0ec5bef",
    "https://deno.land/std@0.167.0/crypto/_fnv/index.ts": "a8f6a361b4c6d54e5e89c16098f99b6962a1dd6ad1307dbc97fa1ecac5d7060a",
    "https://deno.land/std@0.167.0/crypto/_fnv/util.ts": "4848313bed7f00f55be3cb080aa0583fc007812ba965b03e4009665bde614ce3",
    "https://deno.land/std@0.167.0/crypto/_util.ts": "4a8cb74e7273d2400aa6da582ec58078cf8d54bc66530592048cbd7cc4152621",
    "https://deno.land/std@0.167.0/crypto/_wasm/lib/deno_std_wasm_crypto.generated.mjs": "71c1ac20f32fdbdc9b31a14917779c7fa392dbc8b050059cbb2c35b400b975b1",
    "https://deno.land/std@0.167.0/crypto/_wasm/mod.ts": "b49ec171049bbbaaed3c5a5a71dfcb3d09f880607c8d9c517638d0443bd0f874",
    "https://deno.land/std@0.167.0/crypto/keystack.ts": "ee8ee58ca876f619cef56f40127405f77f9738f50a459b6ba44234b3a2cb6cc8",
    "https://deno.land/std@0.167.0/crypto/mod.ts": "f953406904aa4257a6c76c40eb74b47d8dad83af8a77f33a4639cbac6d311baf",
    "https://deno.land/std@0.167.0/crypto/timing_safe_equal.ts": "3784958e40a5fe10429a68b75cc5f8d34356bf0bc2eb93c80c3033e2a6f17821",
    "https://deno.land/std@0.167.0/crypto/util.ts": "93fc9dbaa62421538ad60ee65337cbf1d8a0298fac3c4f70b37e5627e7e129eb",
    "https://deno.land/std@0.167.0/datetime/formatter.ts": "7c8e6d16a0950f400aef41b9f1eb9168249869776ec520265dfda785d746589e",
    "https://deno.land/std@0.167.0/datetime/mod.ts": "eb120e30ce33f23ccd885dbd38002e446c719834330ef8d1d7b4c0848ba6288e",
    "https://deno.land/std@0.167.0/datetime/tokenizer.ts": "7381e28f6ab51cb504c7e132be31773d73ef2f3e1e50a812736962b9df1e8c47",
    "https://deno.land/std@0.167.0/dotenv/mod.ts": "9846f28b263c0c793345d74939f69bf34b46446aa2450e070c10a2140064165a",
    "https://deno.land/std@0.167.0/dotenv/util.ts": "6cc392f087577a26a27f0463f77cc0c31a390aa055917099935b36eb2454592d",
    "https://deno.land/std@0.167.0/encoding/base64.ts": "8605e018e49211efc767686f6f687827d7f5fd5217163e981d8d693105640d7a",
    "https://deno.land/std@0.167.0/encoding/base64url.ts": "0283b12fcd306c11e3cf26fc022fecc800c6acc19704ea8bdb3908898fcd06d6",
    "https://deno.land/std@0.167.0/encoding/hex.ts": "b51e99b684486a3ad2406807a8be953f5ef8bac95af202774a759f9fcf0d87a6",
    "https://deno.land/std@0.167.0/flags/mod.ts": "4f50ec6383c02684db35de38b3ffb2cd5b9fcfcc0b1147055d1980c49e82521c",
    "https://deno.land/std@0.167.0/fmt/bytes.ts": "23ea03de5376bea0c89613bc2e95f03bbe86843cabc82e46f8632230ea2698bc",
    "https://deno.land/std@0.167.0/fmt/colors.ts": "03ad95e543d2808bc43c17a3dd29d25b43d0f16287fe562a0be89bf632454a12",
    "https://deno.land/std@0.167.0/fs/_util.ts": "fdc156f897197f261a1c096dcf8ff9267ed0ff42bd5b31f55053a4763a4bae3b",
    "https://deno.land/std@0.167.0/fs/copy.ts": "c6303e52f544c81271c929931f5b59c9cfa4f81930719d2d3f777188c38aac9f",
    "https://deno.land/std@0.167.0/fs/empty_dir.ts": "453d6232ff109f2afb5e57ec14c3228e399205c1b408d85536aed7230290c414",
    "https://deno.land/std@0.167.0/fs/ensure_dir.ts": "5e9e3d7da7fc5b5e391e6d9ccead17086d76e82fb46ccc7cc9b9ee3491bab6e0",
    "https://deno.land/std@0.167.0/fs/ensure_file.ts": "76ef3a8ebef60d8da1fc4316fcb8e20c1b6f52b1baed3a9692ad3b0d1a9a1b03",
    "https://deno.land/std@0.167.0/fs/ensure_link.ts": "adc8919063e26819f5971a0010fedc1bfd71d6350a24db1a36dff432bc35c7d7",
    "https://deno.land/std@0.167.0/fs/ensure_symlink.ts": "5273557b8c50be69477aa9cb003b54ff2240a336db52a40851c97abce76b96ab",
    "https://deno.land/std@0.167.0/fs/eol.ts": "6e784ff8120c8d5589cb258e56dc39bc5b408ac9827a2e914163cbf9f2e3ce92",
    "https://deno.land/std@0.167.0/fs/exists.ts": "6a447912e49eb79cc640adacfbf4b0baf8e17ede6d5bed057062ce33c4fa0d68",
    "https://deno.land/std@0.167.0/fs/expand_glob.ts": "3a92ee4921d2b063b8dfefd1d87c35bf81126f0f1cb16e5a0f4e9ecb88ec6fe3",
    "https://deno.land/std@0.167.0/fs/mod.ts": "79c209c6e66903b3426f9245a4f216380a0ed47ffe9d253f5a61a0bc9ad1f314",
    "https://deno.land/std@0.167.0/fs/move.ts": "02ab1fc9b744da8b496f406e9fc77b0bf7960b6faaa7ec9f5fb0a129e5bef215",
    "https://deno.land/std@0.167.0/fs/walk.ts": "677eac2e5386217a7a4e7526769ae28b41ff4ae7a3cd0389f3aa4eb662545edd",
    "https://deno.land/std@0.167.0/http/_negotiation/common.ts": "410e902f01cdd324e4746e8017595be4fc357d6fc4cd6044f2f808a943d7eaf7",
    "https://deno.land/std@0.167.0/http/_negotiation/encoding.ts": "f749c1d539d139af783e8a7741de5a47a98a5e3c9af82b8af512567ccf5fe632",
    "https://deno.land/std@0.167.0/http/_negotiation/language.ts": "53c306186904d2dace4c624a8822542866ad332a7f40ac90e0af1504f95c63d0",
    "https://deno.land/std@0.167.0/http/_negotiation/media_type.ts": "ecdda87286495f7ff25116858f5088856953e2f1585e593d314e0c71b826a137",
    "https://deno.land/std@0.167.0/http/cookie.ts": "1cc93a659138eab9caf6fb48e5e62ef8fb4e3ca9dcec9c01c12d365fce120103",
    "https://deno.land/std@0.167.0/http/cookie_map.ts": "dd93b5afdac65882e707e22d02f720f8ba8fff8842ef1ffc6f87306a51d79528",
    "https://deno.land/std@0.167.0/http/file_server.ts": "369b5e4bb418e3ad6aae6d53102de292521604937acb3bfa27b90bbc59b50396",
    "https://deno.land/std@0.167.0/http/http_errors.ts": "b1403713679a9791b8fce0cab5535d2724385ee5145c1a1aaf7df570a205bb97",
    "https://deno.land/std@0.167.0/http/http_status.ts": "ed24048cc0d06066c944da59b0301da3ae2f990564bb4ad79bb52a09cf8e9b30",
    "https://deno.land/std@0.167.0/http/mod.ts": "7c0f2cc423608c9b2cf5e561c146317e1af1db9a5f565916a3fddeab5099a7eb",
    "https://deno.land/std@0.167.0/http/negotiation.ts": "a8dcc9705f5e05aba7e4569dcf19c268725e788b85cea3dafe5392bcca801ae5",
    "https://deno.land/std@0.167.0/http/server.ts": "e99c1bee8a3f6571ee4cdeb2966efad465b8f6fe62bec1bdb59c1f007cc4d155",
    "https://deno.land/std@0.167.0/http/util.ts": "759a2b57b44b722d2033d0dfe077f7e9a257f431db6d0319b78dcfebed0adb1e",
    "https://deno.land/std@0.167.0/media_types/_util.ts": "ce9b4fc4ba1c447dafab619055e20fd88236ca6bdd7834a21f98bd193c3fbfa1",
    "https://deno.land/std@0.167.0/media_types/mod.ts": "8c0447e561dd74fb26c52ad0df92d9f2ab170329a11a3f78498e3ea94c0590fd",
    "https://deno.land/std@0.167.0/media_types/vendor/mime-db.v1.52.0.ts": "724cee25fa40f1a52d3937d6b4fbbfdd7791ff55e1b7ac08d9319d5632c7f5af",
    "https://deno.land/std@0.167.0/path/_constants.ts": "df1db3ffa6dd6d1252cc9617e5d72165cd2483df90e93833e13580687b6083c3",
    "https://deno.land/std@0.167.0/path/_interface.ts": "ee3b431a336b80cf445441109d089b70d87d5e248f4f90ff906820889ecf8d09",
    "https://deno.land/std@0.167.0/path/_util.ts": "d16be2a16e1204b65f9d0dfc54a9bc472cafe5f4a190b3c8471ec2016ccd1677",
    "https://deno.land/std@0.167.0/path/common.ts": "bee563630abd2d97f99d83c96c2fa0cca7cee103e8cb4e7699ec4d5db7bd2633",
    "https://deno.land/std@0.167.0/path/glob.ts": "81cc6c72be002cd546c7a22d1f263f82f63f37fe0035d9726aa96fc8f6e4afa1",
    "https://deno.land/std@0.167.0/path/mod.ts": "cf7cec7ac11b7048bb66af8ae03513e66595c279c65cfa12bfc07d9599608b78",
    "https://deno.land/std@0.167.0/path/posix.ts": "b859684bc4d80edfd4cad0a82371b50c716330bed51143d6dcdbe59e6278b30c",
    "https://deno.land/std@0.167.0/path/separator.ts": "fe1816cb765a8068afb3e8f13ad272351c85cbc739af56dacfc7d93d710fe0f9",
    "https://deno.land/std@0.167.0/path/win32.ts": "7cebd2bda6657371adc00061a1d23fdd87bcdf64b4843bb148b0b24c11b40f69",
    "https://deno.land/std@0.167.0/version.ts": "06714d4f648ff89b814ffe8ccd3a67f80517b078e0c9367496b8ef8b7d31fbfc",
    "https://deno.land/std@0.179.0/_util/asserts.ts": "178dfc49a464aee693a7e285567b3d0b555dc805ff490505a8aae34f9cfb1462",
    "https://deno.land/std@0.179.0/async/deferred.ts": "42790112f36a75a57db4a96d33974a936deb7b04d25c6084a9fa8a49f135def8",
    "https://deno.land/std@0.179.0/bytes/bytes_list.ts": "b4cbdfd2c263a13e8a904b12d082f6177ea97d9297274a4be134e989450dfa6a",
    "https://deno.land/std@0.179.0/bytes/copy.ts": "939d89e302a9761dcf1d9c937c7711174ed74c59eef40a1e4569a05c9de88219",
    "https://deno.land/std@0.179.0/io/buffer.ts": "e2b7564f684dad625cab08f5106f33572d325705d19a36822b3272fbdfb8f726",
    "https://deno.land/std@0.179.0/streams/_common.ts": "f45cba84f0d813de3326466095539602364a9ba521f804cc758f7a475cda692d",
    "https://deno.land/std@0.179.0/streams/buffer.ts": "7e7676c29e0e72f6821c3b5fede2540886a216bb91c849bb5db20bb82a01d8a1",
    "https://deno.land/std@0.179.0/streams/byte_slice_stream.ts": "cf5785b0d9223ebb51fcf6679d881dfaf614c3b288fb4577b511b6f7801a01aa",
    "https://deno.land/std@0.179.0/streams/copy.ts": "de0de21701d8cceba84ca01d9731c77f4b3597bb9de6a1b08f32250353feeae8",
    "https://deno.land/std@0.179.0/streams/delimiter_stream.ts": "de8f822a1c394cdb805a97e364400955cd1757cc282d932b4040a0f78fba3b5f",
    "https://deno.land/std@0.179.0/streams/early_zip_readable_streams.ts": "64828085be5812ec5f4896c10b59f14e5a322b2c0439be9331dde332ae9c91de",
    "https://deno.land/std@0.179.0/streams/iterate_reader.ts": "06491ed8f1bb1c619abbfa04c10b173ff95a93e51fe5037b7c1ad0b5cc01fc7d",
    "https://deno.land/std@0.179.0/streams/limited_bytes_transform_stream.ts": "3bc04143b8b91a923f5ee81a3c618b6606ac7da66ccbcde62a67aaa0375cbc71",
    "https://deno.land/std@0.179.0/streams/limited_transform_stream.ts": "b336f5d649a06e35e2692849e3682a673bb32531738443eb2ce9f57538722f75",
    "https://deno.land/std@0.179.0/streams/merge_readable_streams.ts": "5d6302888f4bb0616dafb5768771be0aec9bedc05fbae6b3d726d05ffbec5b15",
    "https://deno.land/std@0.179.0/streams/mod.ts": "c07ec010e700b9ea887dc36ca08729828bc7912f711e4054e24d33fd46282252",
    "https://deno.land/std@0.179.0/streams/read_all.ts": "bfa220b0e1d06fa4d0cb5178baba8f8b466019a7411511982bfa2320ca292815",
    "https://deno.land/std@0.179.0/streams/readable_stream_from_iterable.ts": "cae337ddafd2abc5e3df699ef2af888ac04091f12732ae658448fba2c7b187e8",
    "https://deno.land/std@0.179.0/streams/readable_stream_from_reader.ts": "9aceaeefa9e04b08f56b2d07272baedc3b6432840b66198d72fa2ada3e6608ea",
    "https://deno.land/std@0.179.0/streams/reader_from_iterable.ts": "05f7759b9336fd4c233d9daadf92aec9a7d2c07a05986da466a935cec2dd79d9",
    "https://deno.land/std@0.179.0/streams/reader_from_stream_reader.ts": "3fda9390ec8520c8a9ea2aba2579208b18880a7663d7a9feec8f193b7af14e41",
    "https://deno.land/std@0.179.0/streams/text_delimiter_stream.ts": "ee216316360366c3744197f5665a066a25e6baa8cfe836fbe9a0033e079e089e",
    "https://deno.land/std@0.179.0/streams/text_line_stream.ts": "a9dd2636c6b90e626e19df26c97034c5f638bdd957cbd5c531d6278fe1d08e90",
    "https://deno.land/std@0.179.0/streams/to_transform_stream.ts": "31c8cce967a2f602be5f164973a5c6cedd4c76e1d2fbc22ae0081b084f73fb0e",
    "https://deno.land/std@0.179.0/streams/writable_stream_from_writer.ts": "0320b759aa343f9f4f58b014fe301d9a7abcbfb8413d260502a885995e6a0776",
    "https://deno.land/std@0.179.0/streams/write_all.ts": "3b2e1ce44913f966348ce353d02fa5369e94115181037cd8b602510853ec3033",
    "https://deno.land/std@0.179.0/streams/writer_from_stream_writer.ts": "31126a6bf2e678c5a718011d4831dbe75dbdbd885965d3dbd5dd105e6f20f976",
    "https://deno.land/std@0.179.0/streams/zip_readable_streams.ts": "9eb82070d83055fe6f077192fb204dc7612695a4b330148e9aa376df1a65e708",
    "https://deno.land/std@0.179.0/types.d.ts": "220ed56662a0bd393ba5d124aa6ae2ad36a00d2fcbc0e8666a65f4606aaa9784",
    "https://deno.land/x/deno_graph@0.44.3/lib/deno_graph_wasm.generated.js": "f4dc06665e72a46b2584499029f063eb4de910ca1b99f732d41f50ada90d2919",
    "https://deno.land/x/deno_graph@0.44.3/lib/loader.ts": "a2e757383908f4a51659fe1b1203386887ebb17756bac930a64856d613d8d57d",
    "https://deno.land/x/deno_graph@0.44.3/lib/media_type.ts": "a89a1b38d07c160e896de9ceb99285ba8391940140558304171066b5c3ef7609",
    "https://deno.land/x/deno_graph@0.44.3/lib/types.d.ts": "8f4101e79df43b526cd8d6528fb0ce1d2e719576bcb69640f92bf4f5af977fd7",
    "https://deno.land/x/deno_graph@0.44.3/mod.ts": "0bb3511c2f6fe0dce2733d7bdf6307dc6260caa156491b669e2b7af398d569f1",
    "https://deno.land/x/denoflate@1.2.1/mod.ts": "f5628e44b80b3d80ed525afa2ba0f12408e3849db817d47a883b801f9ce69dd6",
    "https://deno.land/x/denoflate@1.2.1/pkg/denoflate.js": "b9f9ad9457d3f12f28b1fb35c555f57443427f74decb403113d67364e4f2caf4",
    "https://deno.land/x/denoflate@1.2.1/pkg/denoflate_bg.wasm.js": "d581956245407a2115a3d7e8d85a9641c032940a8e810acbd59ca86afd34d44d",
    "https://deno.land/x/djwt@v2.8/algorithm.ts": "fa4c7354ab9f4808d38104fdc6f21c8270f65f109ed84136d4fe31a4504426d4",
    "https://deno.land/x/djwt@v2.8/deps.ts": "261b7b6bfe2602329d8f9de2938c2a898cd6dfa746b3454ae415df2c53e6ae4d",
    "https://deno.land/x/djwt@v2.8/mod.ts": "7abba8518688e88648882a95161b42391ac6043c142b1ab491b36f712189e1e1",
    "https://deno.land/x/djwt@v2.8/signature.ts": "a5649368a4b433b2810e7d47f53661fe3b0f7fe1778cb49234ceae3d6e861185",
    "https://deno.land/x/djwt@v2.8/util.ts": "0d78272bd23a4656ceabe137d496fcca37cf3de36212477642aa5d85a880d87a",
    "https://deno.land/x/esbuild@v0.17.11/mod.d.ts": "dc279a3a46f084484453e617c0cabcd5b8bd1920c0e562e4ea02dfc828c8f968",
    "https://deno.land/x/esbuild@v0.17.11/mod.js": "4f4e61964a551d9c0baf5bb19e973cf631cf8c66ddaf01e70070f8a100fc938c",
    "https://deno.land/x/importmap@0.2.1/_util.ts": "ada9a9618b537e6c0316c048a898352396c882b9f2de38aba18fd3f2950ede89",
    "https://deno.land/x/importmap@0.2.1/mod.ts": "ae3d1cd7eabd18c01a4960d57db471126b020f23b37ef14e1359bbb949227ade",
    "https://deno.land/x/xxhash64@1.0.0/mod.ts": "8edbe0799cf08420907da03e66128b14a3c92d94c3dd7f5a1af952a788f38d05",
    "https://deno.land/x/zod@v3.20.0/ZodError.ts": "add9043f2ce184a9ff49238017f6be358e20b29a2de3669fc1eff369c7da52af",
    "https://deno.land/x/zod@v3.20.0/errors.ts": "5285922d2be9700cc0c70c95e4858952b07ae193aa0224be3cbd5cd5567eabef",
    "https://deno.land/x/zod@v3.20.0/external.ts": "584f70718e55ae2660d18a552f9c3a5d022f8153aa43e6537f2c2738d6808d42",
    "https://deno.land/x/zod@v3.20.0/helpers/enumUtil.ts": "54efc393cc9860e687d8b81ff52e980def00fa67377ad0bf8b3104f8a5bf698c",
    "https://deno.land/x/zod@v3.20.0/helpers/errorUtil.ts": "7a77328240be7b847af6de9189963bd9f79cab32bbc61502a9db4fe6683e2ea7",
    "https://deno.land/x/zod@v3.20.0/helpers/parseUtil.ts": "920a5623929a4be9110412f82d16ccda537a58e153c942a6d6b8a38329f293a1",
    "https://deno.land/x/zod@v3.20.0/helpers/partialUtil.ts": "8dc921a02b47384cf52217c7e539268daf619f89319b75bdf13ea178815725df",
    "https://deno.land/x/zod@v3.20.0/helpers/typeAliases.ts": "0fda31a063c6736fc3cf9090dd94865c811dfff4f3cb8707b932bf937c6f2c3e",
    "https://deno.land/x/zod@v3.20.0/helpers/util.ts": "a2548e96d646ea4a80636e311e1e2310edc26d8249808883bb4e3ea9930d4197",
    "https://deno.land/x/zod@v3.20.0/index.ts": "035a7422d9f2be54daa0fe464254b69225b443000673e4794095d672471e8792",
    "https://deno.land/x/zod@v3.20.0/locales/en.ts": "8ee8b6f6fc22a64de4f638eb123670e7d5bc969c45ce879498001be8ec570d33",
    "https://deno.land/x/zod@v3.20.0/mod.ts": "64e55237cb4410e17d968cd08975566059f27638ebb0b86048031b987ba251c4",
    "https://deno.land/x/zod@v3.20.0/types.ts": "aa2a8af17bce0de4b08992031f61b01294c588d7958eb3dee87969c642b665d8",
    "https://esm.sh/path-to-regexp@6.2.1": "7313d81f586d2b6d0c5f9b9071849840433dbbb850c9679b0edd7e8a5850980e",
    "https://esm.sh/v113/path-to-regexp@6.2.1/deno/path-to-regexp.mjs": "2ce5858e01ee4a48c232424c38ae8861de1c861ad02fd06aad93373cbe1d4525",
    "https://esm.sh/v113/path-to-regexp@6.2.1/dist/index.d.ts": "6e7936b20cd2022c2a71f9d780e7f87216c19fde5c18448aaff60059a46ae2e7"
  },
  "npm": {
    "specifiers": {
      "cheerio@1.0.0-rc.12": "cheerio@1.0.0-rc.12",
      "lightningcss": "lightningcss@1.19.0"
    },
    "packages": {
      "boolbase@1.0.0": {
        "integrity": "sha512-JZOSA7Mo9sNGB8+UjSgzdLtokWAky1zbztM3WRLCbZ70/3cTANmQmOdR7y2g+J0e2WXywy1yS468tY+IruqEww==",
        "dependencies": {}
      },
      "cheerio-select@2.1.0": {
        "integrity": "sha512-9v9kG0LvzrlcungtnJtpGNxY+fzECQKhK4EGJX2vByejiMX84MFNQw4UxPJl3bFbTMw+Dfs37XaIkCwTZfLh4g==",
        "dependencies": {
          "boolbase": "boolbase@1.0.0",
          "css-select": "css-select@5.1.0",
          "css-what": "css-what@6.1.0",
          "domelementtype": "domelementtype@2.3.0",
          "domhandler": "domhandler@5.0.3",
          "domutils": "domutils@3.0.1"
        }
      },
      "cheerio@1.0.0-rc.12": {
        "integrity": "sha512-VqR8m68vM46BNnuZ5NtnGBKIE/DfN0cRIzg9n40EIq9NOv90ayxLBXA8fXC5gquFRGJSTRqBq25Jt2ECLR431Q==",
        "dependencies": {
          "cheerio-select": "cheerio-select@2.1.0",
          "dom-serializer": "dom-serializer@2.0.0",
          "domhandler": "domhandler@5.0.3",
          "domutils": "domutils@3.0.1",
          "htmlparser2": "htmlparser2@8.0.2",
          "parse5": "parse5@7.1.2",
          "parse5-htmlparser2-tree-adapter": "parse5-htmlparser2-tree-adapter@7.0.0"
        }
      },
      "css-select@5.1.0": {
        "integrity": "sha512-nwoRF1rvRRnnCqqY7updORDsuqKzqYJ28+oSMaJMMgOauh3fvwHqMS7EZpIPqK8GL+g9mKxF1vP/ZjSeNjEVHg==",
        "dependencies": {
          "boolbase": "boolbase@1.0.0",
          "css-what": "css-what@6.1.0",
          "domhandler": "domhandler@5.0.3",
          "domutils": "domutils@3.0.1",
          "nth-check": "nth-check@2.1.1"
        }
      },
      "css-what@6.1.0": {
        "integrity": "sha512-HTUrgRJ7r4dsZKU6GjmpfRK1O76h97Z8MfS1G0FozR+oF2kG6Vfe8JE6zwrkbxigziPHinCJ+gCPjA9EaBDtRw==",
        "dependencies": {}
      },
      "detect-libc@1.0.3": {
        "integrity": "sha512-pGjwhsmsp4kL2RTz08wcOlGN83otlqHeD/Z5T8GXZB+/YcpQ/dgo+lbU8ZsGxV0HIvqqxo9l7mqYwyYMD9bKDg==",
        "dependencies": {}
      },
      "dom-serializer@2.0.0": {
        "integrity": "sha512-wIkAryiqt/nV5EQKqQpo3SToSOV9J0DnbJqwK7Wv/Trc92zIAYZ4FlMu+JPFW1DfGFt81ZTCGgDEabffXeLyJg==",
        "dependencies": {
          "domelementtype": "domelementtype@2.3.0",
          "domhandler": "domhandler@5.0.3",
          "entities": "entities@4.4.0"
        }
      },
      "domelementtype@2.3.0": {
        "integrity": "sha512-OLETBj6w0OsagBwdXnPdN0cnMfF9opN69co+7ZrbfPGrdpPVNBUj02spi6B1N7wChLQiPn4CSH/zJvXw56gmHw==",
        "dependencies": {}
      },
      "domhandler@5.0.3": {
        "integrity": "sha512-cgwlv/1iFQiFnU96XXgROh8xTeetsnJiDsTc7TYCLFd9+/WNkIqPTxiM/8pSd8VIrhXGTf1Ny1q1hquVqDJB5w==",
        "dependencies": {
          "domelementtype": "domelementtype@2.3.0"
        }
      },
      "domutils@3.0.1": {
        "integrity": "sha512-z08c1l761iKhDFtfXO04C7kTdPBLi41zwOZl00WS8b5eiaebNpY00HKbztwBq+e3vyqWNwWF3mP9YLUeqIrF+Q==",
        "dependencies": {
          "dom-serializer": "dom-serializer@2.0.0",
          "domelementtype": "domelementtype@2.3.0",
          "domhandler": "domhandler@5.0.3"
        }
      },
      "entities@4.4.0": {
        "integrity": "sha512-oYp7156SP8LkeGD0GF85ad1X9Ai79WtRsZ2gxJqtBuzH+98YUV6jkHEKlZkMbcrjJjIVJNIDP/3WL9wQkoPbWA==",
        "dependencies": {}
      },
      "htmlparser2@8.0.2": {
        "integrity": "sha512-GYdjWKDkbRLkZ5geuHs5NY1puJ+PXwP7+fHPRz06Eirsb9ugf6d8kkXav6ADhcODhFFPMIXyxkxSuMf3D6NCFA==",
        "dependencies": {
          "domelementtype": "domelementtype@2.3.0",
          "domhandler": "domhandler@5.0.3",
          "domutils": "domutils@3.0.1",
          "entities": "entities@4.4.0"
        }
      },
      "lightningcss-darwin-arm64@1.19.0": {
        "integrity": "sha512-wIJmFtYX0rXHsXHSr4+sC5clwblEMji7HHQ4Ub1/CznVRxtCFha6JIt5JZaNf8vQrfdZnBxLLC6R8pC818jXqg==",
        "dependencies": {}
      },
      "lightningcss-darwin-x64@1.19.0": {
        "integrity": "sha512-Lif1wD6P4poaw9c/4Uh2z+gmrWhw/HtXFoeZ3bEsv6Ia4tt8rOJBdkfVaUJ6VXmpKHALve+iTyP2+50xY1wKPw==",
        "dependencies": {}
      },
      "lightningcss-linux-arm-gnueabihf@1.19.0": {
        "integrity": "sha512-P15VXY5682mTXaiDtbnLYQflc8BYb774j2R84FgDLJTN6Qp0ZjWEFyN1SPqyfTj2B2TFjRHRUvQSSZ7qN4Weig==",
        "dependencies": {}
      },
      "lightningcss-linux-arm64-gnu@1.19.0": {
        "integrity": "sha512-zwXRjWqpev8wqO0sv0M1aM1PpjHz6RVIsBcxKszIG83Befuh4yNysjgHVplF9RTU7eozGe3Ts7r6we1+Qkqsww==",
        "dependencies": {}
      },
      "lightningcss-linux-arm64-musl@1.19.0": {
        "integrity": "sha512-vSCKO7SDnZaFN9zEloKSZM5/kC5gbzUjoJQ43BvUpyTFUX7ACs/mDfl2Eq6fdz2+uWhUh7vf92c4EaaP4udEtA==",
        "dependencies": {}
      },
      "lightningcss-linux-x64-gnu@1.19.0": {
        "integrity": "sha512-0AFQKvVzXf9byrXUq9z0anMGLdZJS+XSDqidyijI5njIwj6MdbvX2UZK/c4FfNmeRa2N/8ngTffoIuOUit5eIQ==",
        "dependencies": {}
      },
      "lightningcss-linux-x64-musl@1.19.0": {
        "integrity": "sha512-SJoM8CLPt6ECCgSuWe+g0qo8dqQYVcPiW2s19dxkmSI5+Uu1GIRzyKA0b7QqmEXolA+oSJhQqCmJpzjY4CuZAg==",
        "dependencies": {}
      },
      "lightningcss-win32-x64-msvc@1.19.0": {
        "integrity": "sha512-C+VuUTeSUOAaBZZOPT7Etn/agx/MatzJzGRkeV+zEABmPuntv1zihncsi+AyGmjkkzq3wVedEy7h0/4S84mUtg==",
        "dependencies": {}
      },
      "lightningcss@1.19.0": {
        "integrity": "sha512-yV5UR7og+Og7lQC+70DA7a8ta1uiOPnWPJfxa0wnxylev5qfo4P+4iMpzWAdYWOca4jdNQZii+bDL/l+4hUXIA==",
        "dependencies": {
          "detect-libc": "detect-libc@1.0.3",
          "lightningcss-darwin-arm64": "lightningcss-darwin-arm64@1.19.0",
          "lightningcss-darwin-x64": "lightningcss-darwin-x64@1.19.0",
          "lightningcss-linux-arm-gnueabihf": "lightningcss-linux-arm-gnueabihf@1.19.0",
          "lightningcss-linux-arm64-gnu": "lightningcss-linux-arm64-gnu@1.19.0",
          "lightningcss-linux-arm64-musl": "lightningcss-linux-arm64-musl@1.19.0",
          "lightningcss-linux-x64-gnu": "lightningcss-linux-x64-gnu@1.19.0",
          "lightningcss-linux-x64-musl": "lightningcss-linux-x64-musl@1.19.0",
          "lightningcss-win32-x64-msvc": "lightningcss-win32-x64-msvc@1.19.0"
        }
      },
      "nth-check@2.1.1": {
        "integrity": "sha512-lqjrjmaOoAnWfMmBPL+XNnynZh2+swxiX3WUE0s4yEHI6m+AwrK2UZOimIRl3X/4QctVqS8AiZjFqyOGrMXb/w==",
        "dependencies": {
          "boolbase": "boolbase@1.0.0"
        }
      },
      "parse5-htmlparser2-tree-adapter@7.0.0": {
        "integrity": "sha512-B77tOZrqqfUfnVcOrUvfdLbz4pu4RopLD/4vmu3HUPswwTA8OH0EMW9BlWR2B0RCoiZRAHEUu7IxeP1Pd1UU+g==",
        "dependencies": {
          "domhandler": "domhandler@5.0.3",
          "parse5": "parse5@7.1.2"
        }
      },
      "parse5@7.1.2": {
        "integrity": "sha512-Czj1WaSVpaoj0wbhMzLmWD69anp2WH7FXMB9n1Sy8/ZFF9jolSQVMu1Ij5WIyGmcBmhk7EOndpO4mIpihVqAXw==",
        "dependencies": {
          "entities": "entities@4.4.0"
        }
      }
    }
  }
}
